
Microsoft Visual Studio Solution File, Format Version 12.00
# Visual Studio 15
VisualStudioVersion = 15.0.28307.645
MinimumVisualStudioVersion = 10.0.40219.1
Project("{FAE04EC0-301F-11D3-BF4B-00C04F79EFBC}") = "WinForm", "WinForm\WinForm.csproj", "{D7167F4B-2C0E-41AD-827D-9542FD83CE87}"
EndProject
Global
	GlobalSection(SolutionConfigurationPlatforms) = preSolution
		Debug|Any CPU = Debug|Any CPU
		Release|Any CPU = Release|Any CPU
	EndGlobalSection
	GlobalSection(ProjectConfigurationPlatforms) = postSolution
		{D7167F4B-2C0E-41AD-827D-9542FD83CE87}.Debug|Any CPU.ActiveCfg = Debug|Any CPU
		{D7167F4B-2C0E-41AD-827D-9542FD83CE87}.Debug|Any CPU.Build.0 = Debug|Any CPU
		{D7167F4B-2C0E-41AD-827D-9542FD83CE87}.Release|Any CPU.ActiveCfg = Release|Any CPU
		{D7167F4B-2C0E-41AD-827D-9542FD83CE87}.Release|Any CPU.Build.0 = Release|Any CPU
	EndGlobalSection
	GlobalSection(SolutionProperties) = preSolution
		HideSolutionNode = FALSE
	EndGlobalSection
	GlobalSection(ExtensibilityGlobals) = postSolution
		SolutionGuid = {AF81F446-6810-42CF-A84A-6C835270BF7E}
	EndGlobalSection
EndGlobal
